
Microsoft Visual Studio Solution File, Format Version 12.00
# Visual Studio 15
VisualStudioVersion = 15.0.28010.2016
MinimumVisualStudioVersion = 10.0.40219.1
Project("{FAE04EC0-301F-11D3-BF4B-00C04F79EFBC}") = "MyResftfullApp", "MyResftfullApp\MyResftfullApp.csproj", "{8FCDEDF8-1C7F-43D8-88AD-6045FF35E7AA}"
EndProject
Global
	GlobalSection(SolutionConfigurationPlatforms) = preSolution
		Debug|Any CPU = Debug|Any CPU
		Release|Any CPU = Release|Any CPU
	EndGlobalSection
	GlobalSection(ProjectConfigurationPlatforms) = postSolution
		{8FCDEDF8-1C7F-43D8-88AD-6045FF35E7AA}.Debug|Any CPU.ActiveCfg = Debug|Any CPU
		{8FCDEDF8-1C7F-43D8-88AD-6045FF35E7AA}.Debug|Any CPU.Build.0 = Debug|Any CPU
		{8FCDEDF8-1C7F-43D8-88AD-6045FF35E7AA}.Release|Any CPU.ActiveCfg = Release|Any CPU
		{8FCDEDF8-1C7F-43D8-88AD-6045FF35E7AA}.Release|Any CPU.Build.0 = Release|Any CPU
	EndGlobalSection
	GlobalSection(SolutionProperties) = preSolution
		HideSolutionNode = FALSE
	EndGlobalSection
	GlobalSection(ExtensibilityGlobals) = postSolution
		SolutionGuid = {32F8985A-A795-4EDB-B4D6-FC71082FBC14}
	EndGlobalSection
EndGlobal
